#MicroXplorer Configuration settings - do not modify
CAD.formats=
CAD.pinconfig=
CAD.provider=
Dma.Request0=SPI5_RX
Dma.Request1=SPI5_TX
Dma.Request2=SPI4_RX
Dma.Request3=SPI4_TX
Dma.Request4=SPI3_RX
Dma.Request5=SPI3_TX
Dma.Request6=SPI2_RX
Dma.Request7=SPI2_TX
Dma.Request8=SPI1_RX
Dma.Request9=SPI1_TX
Dma.RequestsNb=10
Dma.SPI1_RX.8.Direction=DMA_PERIPH_TO_MEMORY
Dma.SPI1_RX.8.FIFOMode=DMA_FIFOMODE_DISABLE
Dma.SPI1_RX.8.Instance=DMA2_Stream2
Dma.SPI1_RX.8.MemDataAlignment=DMA_MDATAALIGN_BYTE
Dma.SPI1_RX.8.MemInc=DMA_MINC_ENABLE
Dma.SPI1_RX.8.Mode=DMA_NORMAL
Dma.SPI1_RX.8.PeriphDataAlignment=DMA_PDATAALIGN_BYTE
Dma.SPI1_RX.8.PeriphInc=DMA_PINC_DISABLE
Dma.SPI1_RX.8.Priority=DMA_PRIORITY_LOW
Dma.SPI1_RX.8.RequestParameters=Instance,Direction,PeriphInc,MemInc,PeriphDataAlignment,MemDataAlignment,Mode,Priority,FIFOMode
Dma.SPI1_TX.9.Direction=DMA_MEMORY_TO_PERIPH
Dma.SPI1_TX.9.FIFOMode=DMA_FIFOMODE_DISABLE
Dma.SPI1_TX.9.Instance=DMA2_Stream5
Dma.SPI1_TX.9.MemDataAlignment=DMA_MDATAALIGN_BYTE
Dma.SPI1_TX.9.MemInc=DMA_MINC_ENABLE
Dma.SPI1_TX.9.Mode=DMA_NORMAL
Dma.SPI1_TX.9.PeriphDataAlignment=DMA_PDATAALIGN_BYTE
Dma.SPI1_TX.9.PeriphInc=DMA_PINC_DISABLE
Dma.SPI1_TX.9.Priority=DMA_PRIORITY_LOW
Dma.SPI1_TX.9.RequestParameters=Instance,Direction,PeriphInc,MemInc,PeriphDataAlignment,MemDataAlignment,Mode,Priority,FIFOMode
Dma.SPI2_RX.6.Direction=DMA_PERIPH_TO_MEMORY
Dma.SPI2_RX.6.FIFOMode=DMA_FIFOMODE_DISABLE
Dma.SPI2_RX.6.Instance=DMA1_Stream1
Dma.SPI2_RX.6.MemDataAlignment=DMA_MDATAALIGN_BYTE
Dma.SPI2_RX.6.MemInc=DMA_MINC_ENABLE
Dma.SPI2_RX.6.Mode=DMA_NORMAL
Dma.SPI2_RX.6.PeriphDataAlignment=DMA_PDATAALIGN_BYTE
Dma.SPI2_RX.6.PeriphInc=DMA_PINC_DISABLE
Dma.SPI2_RX.6.Priority=DMA_PRIORITY_LOW
Dma.SPI2_RX.6.RequestParameters=Instance,Direction,PeriphInc,MemInc,PeriphDataAlignment,MemDataAlignment,Mode,Priority,FIFOMode
Dma.SPI2_TX.7.Direction=DMA_MEMORY_TO_PERIPH
Dma.SPI2_TX.7.FIFOMode=DMA_FIFOMODE_DISABLE
Dma.SPI2_TX.7.Instance=DMA1_Stream4
Dma.SPI2_TX.7.MemDataAlignment=DMA_MDATAALIGN_BYTE
Dma.SPI2_TX.7.MemInc=DMA_MINC_ENABLE
Dma.SPI2_TX.7.Mode=DMA_NORMAL
Dma.SPI2_TX.7.PeriphDataAlignment=DMA_PDATAALIGN_BYTE
Dma.SPI2_TX.7.PeriphInc=DMA_PINC_DISABLE
Dma.SPI2_TX.7.Priority=DMA_PRIORITY_LOW
Dma.SPI2_TX.7.RequestParameters=Instance,Direction,PeriphInc,MemInc,PeriphDataAlignment,MemDataAlignment,Mode,Priority,FIFOMode
Dma.SPI3_RX.4.Direction=DMA_PERIPH_TO_MEMORY
Dma.SPI3_RX.4.FIFOMode=DMA_FIFOMODE_DISABLE
Dma.SPI3_RX.4.Instance=DMA1_Stream0
Dma.SPI3_RX.4.MemDataAlignment=DMA_MDATAALIGN_BYTE
Dma.SPI3_RX.4.MemInc=DMA_MINC_ENABLE
Dma.SPI3_RX.4.Mode=DMA_NORMAL
Dma.SPI3_RX.4.PeriphDataAlignment=DMA_PDATAALIGN_BYTE
Dma.SPI3_RX.4.PeriphInc=DMA_PINC_DISABLE
Dma.SPI3_RX.4.Priority=DMA_PRIORITY_LOW
Dma.SPI3_RX.4.RequestParameters=Instance,Direction,PeriphInc,MemInc,PeriphDataAlignment,MemDataAlignment,Mode,Priority,FIFOMode
Dma.SPI3_TX.5.Direction=DMA_MEMORY_TO_PERIPH
Dma.SPI3_TX.5.FIFOMode=DMA_FIFOMODE_DISABLE
Dma.SPI3_TX.5.Instance=DMA1_Stream5
Dma.SPI3_TX.5.MemDataAlignment=DMA_MDATAALIGN_BYTE
Dma.SPI3_TX.5.MemInc=DMA_MINC_ENABLE
Dma.SPI3_TX.5.Mode=DMA_NORMAL
Dma.SPI3_TX.5.PeriphDataAlignment=DMA_PDATAALIGN_BYTE
Dma.SPI3_TX.5.PeriphInc=DMA_PINC_DISABLE
Dma.SPI3_TX.5.Priority=DMA_PRIORITY_LOW
Dma.SPI3_TX.5.RequestParameters=Instance,Direction,PeriphInc,MemInc,PeriphDataAlignment,MemDataAlignment,Mode,Priority,FIFOMode
Dma.SPI4_RX.2.Direction=DMA_PERIPH_TO_MEMORY
Dma.SPI4_RX.2.FIFOMode=DMA_FIFOMODE_DISABLE
Dma.SPI4_RX.2.Instance=DMA2_Stream0
Dma.SPI4_RX.2.MemDataAlignment=DMA_MDATAALIGN_BYTE
Dma.SPI4_RX.2.MemInc=DMA_MINC_ENABLE
Dma.SPI4_RX.2.Mode=DMA_NORMAL
Dma.SPI4_RX.2.PeriphDataAlignment=DMA_PDATAALIGN_BYTE
Dma.SPI4_RX.2.PeriphInc=DMA_PINC_DISABLE
Dma.SPI4_RX.2.Priority=DMA_PRIORITY_LOW
Dma.SPI4_RX.2.RequestParameters=Instance,Direction,PeriphInc,MemInc,PeriphDataAlignment,MemDataAlignment,Mode,Priority,FIFOMode
Dma.SPI4_TX.3.Direction=DMA_MEMORY_TO_PERIPH
Dma.SPI4_TX.3.FIFOMode=DMA_FIFOMODE_DISABLE
Dma.SPI4_TX.3.Instance=DMA2_Stream1
Dma.SPI4_TX.3.MemDataAlignment=DMA_MDATAALIGN_BYTE
Dma.SPI4_TX.3.MemInc=DMA_MINC_ENABLE
Dma.SPI4_TX.3.Mode=DMA_NORMAL
Dma.SPI4_TX.3.PeriphDataAlignment=DMA_PDATAALIGN_BYTE
Dma.SPI4_TX.3.PeriphInc=DMA_PINC_DISABLE
Dma.SPI4_TX.3.Priority=DMA_PRIORITY_LOW
Dma.SPI4_TX.3.RequestParameters=Instance,Direction,PeriphInc,MemInc,PeriphDataAlignment,MemDataAlignment,Mode,Priority,FIFOMode
Dma.SPI5_RX.0.Direction=DMA_PERIPH_TO_MEMORY
Dma.SPI5_RX.0.FIFOMode=DMA_FIFOMODE_DISABLE
Dma.SPI5_RX.0.Instance=DMA2_Stream3
Dma.SPI5_RX.0.MemDataAlignment=DMA_MDATAALIGN_BYTE
Dma.SPI5_RX.0.MemInc=DMA_MINC_ENABLE
Dma.SPI5_RX.0.Mode=DMA_NORMAL
Dma.SPI5_RX.0.PeriphDataAlignment=DMA_PDATAALIGN_BYTE
Dma.SPI5_RX.0.PeriphInc=DMA_PINC_DISABLE
Dma.SPI5_RX.0.Priority=DMA_PRIORITY_LOW
Dma.SPI5_RX.0.RequestParameters=Instance,Direction,PeriphInc,MemInc,PeriphDataAlignment,MemDataAlignment,Mode,Priority,FIFOMode
Dma.SPI5_TX.1.Direction=DMA_MEMORY_TO_PERIPH
Dma.SPI5_TX.1.FIFOMode=DMA_FIFOMODE_DISABLE
Dma.SPI5_TX.1.Instance=DMA2_Stream4
Dma.SPI5_TX.1.MemDataAlignment=DMA_MDATAALIGN_BYTE
Dma.SPI5_TX.1.MemInc=DMA_MINC_ENABLE
Dma.SPI5_TX.1.Mode=DMA_NORMAL
Dma.SPI5_TX.1.PeriphDataAlignment=DMA_PDATAALIGN_BYTE
Dma.SPI5_TX.1.PeriphInc=DMA_PINC_DISABLE
Dma.SPI5_TX.1.Priority=DMA_PRIORITY_LOW
Dma.SPI5_TX.1.RequestParameters=Instance,Direction,PeriphInc,MemInc,PeriphDataAlignment,MemDataAlignment,Mode,Priority,FIFOMode
File.Version=6
GPIO.groupedBy=
KeepUserPlacement=false
Mcu.CPN=STM32F767ZIT6
Mcu.Family=STM32F7
Mcu.IP0=CORTEX_M7
Mcu.IP1=DMA
Mcu.IP2=NVIC
Mcu.IP3=RCC
Mcu.IP4=SPI1
Mcu.IP5=SPI2
Mcu.IP6=SPI3
Mcu.IP7=SPI4
Mcu.IP8=SPI5
Mcu.IP9=SYS
Mcu.IPNb=10
Mcu.Name=STM32F767ZITx
Mcu.Package=LQFP144
Mcu.Pin0=PE2
Mcu.Pin1=PE5
Mcu.Pin10=PA7
Mcu.Pin11=PB2
Mcu.Pin12=PF13
Mcu.Pin13=PF14
Mcu.Pin14=PF15
Mcu.Pin15=PG0
Mcu.Pin16=PG1
Mcu.Pin17=PE7
Mcu.Pin18=PE8
Mcu.Pin19=PE9
Mcu.Pin2=PE6
Mcu.Pin20=PB10
Mcu.Pin21=PC10
Mcu.Pin22=PC11
Mcu.Pin23=VP_SYS_VS_Systick
Mcu.Pin3=PF7
Mcu.Pin4=PF8
Mcu.Pin5=PF9
Mcu.Pin6=PC1
Mcu.Pin7=PC2
Mcu.Pin8=PA5
Mcu.Pin9=PA6
Mcu.PinsNb=24
Mcu.ThirdPartyNb=0
Mcu.UserConstants=
Mcu.UserName=STM32F767ZITx
MxCube.Version=6.15.0
MxDb.Version=DB.6.0.150
NVIC.BusFault_IRQn=true\:0\:0\:false\:false\:true\:false\:false\:false
NVIC.DMA1_Stream0_IRQn=true\:0\:0\:false\:false\:true\:false\:true\:true
NVIC.DMA1_Stream1_IRQn=true\:0\:0\:false\:false\:true\:false\:true\:true
NVIC.DMA1_Stream4_IRQn=true\:0\:0\:false\:false\:true\:false\:true\:true
NVIC.DMA1_Stream5_IRQn=true\:0\:0\:false\:false\:true\:false\:true\:true
NVIC.DMA2_Stream0_IRQn=true\:0\:0\:false\:false\:true\:false\:true\:true
NVIC.DMA2_Stream1_IRQn=true\:0\:0\:false\:false\:true\:false\:true\:true
NVIC.DMA2_Stream2_IRQn=true\:0\:0\:false\:false\:true\:false\:true\:true
NVIC.DMA2_Stream3_IRQn=true\:0\:0\:false\:false\:true\:false\:true\:true
NVIC.DMA2_Stream4_IRQn=true\:0\:0\:false\:false\:true\:false\:true\:true
NVIC.DMA2_Stream5_IRQn=true\:0\:0\:false\:false\:true\:false\:true\:true
NVIC.DebugMonitor_IRQn=true\:0\:0\:false\:false\:true\:false\:false\:false
NVIC.ForceEnableDMAVector=true
NVIC.HardFault_IRQn=true\:0\:0\:false\:false\:true\:false\:false\:false
NVIC.MemoryManagement_IRQn=true\:0\:0\:false\:false\:true\:false\:false\:false
NVIC.NonMaskableInt_IRQn=true\:0\:0\:false\:false\:true\:false\:false\:false
NVIC.PendSV_IRQn=true\:0\:0\:false\:false\:true\:false\:false\:false
NVIC.PriorityGroup=NVIC_PRIORITYGROUP_4
NVIC.SVCall_IRQn=true\:0\:0\:false\:false\:true\:false\:false\:false
NVIC.SysTick_IRQn=true\:15\:0\:false\:false\:true\:false\:true\:false
NVIC.UsageFault_IRQn=true\:0\:0\:false\:false\:true\:false\:false\:false
PA5.Mode=Full_Duplex_Master
PA5.Signal=SPI1_SCK
PA6.Mode=Full_Duplex_Master
PA6.Signal=SPI1_MISO
PA7.Mode=Full_Duplex_Master
PA7.Signal=SPI1_MOSI
PB10.Mode=Full_Duplex_Master
PB10.Signal=SPI2_SCK
PB2.Mode=Full_Duplex_Master
PB2.Signal=SPI3_MOSI
PC1.Mode=Full_Duplex_Master
PC1.Signal=SPI2_MOSI
PC10.Mode=Full_Duplex_Master
PC10.Signal=SPI3_SCK
PC11.Mode=Full_Duplex_Master
PC11.Signal=SPI3_MISO
PC2.Mode=Full_Duplex_Master
PC2.Signal=SPI2_MISO
PE2.Mode=Full_Duplex_Master
PE2.Signal=SPI4_SCK
PE5.Mode=Full_Duplex_Master
PE5.Signal=SPI4_MISO
PE6.Mode=Full_Duplex_Master
PE6.Signal=SPI4_MOSI
PE7.GPIOParameters=GPIO_Label
PE7.GPIO_Label=CS6
PE7.Locked=true
PE7.Signal=GPIO_Output
PE8.GPIOParameters=GPIO_Label
PE8.GPIO_Label=CS7
PE8.Locked=true
PE8.Signal=GPIO_Output
PE9.GPIOParameters=GPIO_Label
PE9.GPIO_Label=CS8
PE9.Locked=true
PE9.Signal=GPIO_Output
PF13.GPIOParameters=GPIO_Label
PF13.GPIO_Label=CS1
PF13.Locked=true
PF13.Signal=GPIO_Output
PF14.GPIOParameters=GPIO_Label
PF14.GPIO_Label=CS2
PF14.Locked=true
PF14.Signal=GPIO_Output
PF15.GPIOParameters=GPIO_Label
PF15.GPIO_Label=CS3
PF15.Locked=true
PF15.Signal=GPIO_Output
PF7.Mode=Full_Duplex_Master
PF7.Signal=SPI5_SCK
PF8.Mode=Full_Duplex_Master
PF8.Signal=SPI5_MISO
PF9.Mode=Full_Duplex_Master
PF9.Signal=SPI5_MOSI
PG0.GPIOParameters=GPIO_Label
PG0.GPIO_Label=CS4
PG0.Locked=true
PG0.Signal=GPIO_Output
PG1.GPIOParameters=GPIO_Label
PG1.GPIO_Label=CS5
PG1.Locked=true
PG1.Signal=GPIO_Output
PinOutPanel.RotationAngle=0
ProjectManager.AskForMigrate=true
ProjectManager.BackupPrevious=false
ProjectManager.CompilerLinker=GCC
ProjectManager.CompilerOptimize=6
ProjectManager.ComputerToolchain=false
ProjectManager.CoupleFile=false
ProjectManager.CustomerFirmwarePackage=
ProjectManager.DefaultFWLocation=true
ProjectManager.DeletePrevious=true
ProjectManager.DeviceId=STM32F767ZITx
ProjectManager.FirmwarePackage=STM32Cube FW_F7 V1.17.4
ProjectManager.FreePins=false
ProjectManager.HalAssertFull=false
ProjectManager.HeapSize=0x200
ProjectManager.KeepUserCode=true
ProjectManager.LastFirmware=true
ProjectManager.LibraryCopy=0
ProjectManager.MainLocation=Core/Src
ProjectManager.NoMain=false
ProjectManager.PreviousToolchain=
ProjectManager.ProjectBuild=false
ProjectManager.ProjectFileName=microcontrolleur.ioc
ProjectManager.ProjectName=microcontrolleur
ProjectManager.ProjectStructure=
ProjectManager.RegisterCallBack=
ProjectManager.StackSize=0x400
ProjectManager.TargetToolchain=EWARM V8.50
ProjectManager.ToolChainLocation=
ProjectManager.UAScriptAfterPath=
ProjectManager.UAScriptBeforePath=
ProjectManager.UnderRoot=false
ProjectManager.functionlistsort=1-SystemClock_Config-RCC-false-HAL-false,2-MX_GPIO_Init-GPIO-false-HAL-true,3-MX_DMA_Init-DMA-false-HAL-true,4-MX_SPI1_Init-SPI1-false-HAL-true,5-MX_SPI2_Init-SPI2-false-HAL-true,6-MX_SPI3_Init-SPI3-false-HAL-true,7-MX_SPI4_Init-SPI4-false-HAL-true,8-MX_SPI5_Init-SPI5-false-HAL-true,0-MX_CORTEX_M7_Init-CORTEX_M7-false-HAL-true
RCC.CECFreq_Value=32786.88524590164
RCC.DFSDMFreq_Value=16000000
RCC.FamilyName=M
RCC.HSE_VALUE=25000000
RCC.HSI_VALUE=16000000
RCC.I2SFreq_Value=96000000
RCC.IPParameters=CECFreq_Value,DFSDMFreq_Value,FamilyName,HSE_VALUE,HSI_VALUE,I2SFreq_Value,LCDTFTFreq_Value,LSE_VALUE,LSI_VALUE,PLLCLKFreq_Value,PLLI2SPCLKFreq_Value,PLLI2SQCLKFreq_Value,PLLI2SRCLKFreq_Value,PLLQCLKFreq_Value,PLLSAIPCLKFreq_Value,PLLSAIQCLKFreq_Value,PLLSAIRCLKFreq_Value,PLLSAIoutputFreq_Value,RNGFreq_Value,SAI1Freq_Value,SAI2Freq_Value,SDMMC2Freq_Value,SDMMCFreq_Value,SPDIFRXFreq_Value,USBFreq_Value,VCOI2SOutputFreq_Value,VCOInputFreq_Value,VCOOutputFreq_Value,VCOSAIOutputFreq_Value
RCC.LCDTFTFreq_Value=48000000
RCC.LSE_VALUE=32768
RCC.LSI_VALUE=32000
RCC.PLLCLKFreq_Value=96000000
RCC.PLLI2SPCLKFreq_Value=96000000
RCC.PLLI2SQCLKFreq_Value=96000000
RCC.PLLI2SRCLKFreq_Value=96000000
RCC.PLLQCLKFreq_Value=96000000
RCC.PLLSAIPCLKFreq_Value=96000000
RCC.PLLSAIQCLKFreq_Value=96000000
RCC.PLLSAIRCLKFreq_Value=96000000
RCC.PLLSAIoutputFreq_Value=96000000
RCC.RNGFreq_Value=96000000
RCC.SAI1Freq_Value=96000000
RCC.SAI2Freq_Value=96000000
RCC.SDMMC2Freq_Value=16000000
RCC.SDMMCFreq_Value=16000000
RCC.SPDIFRXFreq_Value=96000000
RCC.USBFreq_Value=96000000
RCC.VCOI2SOutputFreq_Value=192000000
RCC.VCOInputFreq_Value=1000000
RCC.VCOOutputFreq_Value=192000000
RCC.VCOSAIOutputFreq_Value=192000000
SPI1.CalculateBaudRate=8.0 MBits/s
SPI1.Direction=SPI_DIRECTION_2LINES
SPI1.IPParameters=VirtualType,Mode,Direction,CalculateBaudRate
SPI1.Mode=SPI_MODE_MASTER
SPI1.VirtualType=VM_MASTER
SPI2.CalculateBaudRate=8.0 MBits/s
SPI2.Direction=SPI_DIRECTION_2LINES
SPI2.IPParameters=VirtualType,Mode,Direction,CalculateBaudRate
SPI2.Mode=SPI_MODE_MASTER
SPI2.VirtualType=VM_MASTER
SPI3.CalculateBaudRate=8.0 MBits/s
SPI3.Direction=SPI_DIRECTION_2LINES
SPI3.IPParameters=VirtualType,Mode,Direction,CalculateBaudRate
SPI3.Mode=SPI_MODE_MASTER
SPI3.VirtualType=VM_MASTER
SPI4.CalculateBaudRate=8.0 MBits/s
SPI4.Direction=SPI_DIRECTION_2LINES
SPI4.IPParameters=VirtualType,Mode,Direction,CalculateBaudRate
SPI4.Mode=SPI_MODE_MASTER
SPI4.VirtualType=VM_MASTER
SPI5.CalculateBaudRate=8.0 MBits/s
SPI5.Direction=SPI_DIRECTION_2LINES
SPI5.IPParameters=VirtualType,Mode,Direction,CalculateBaudRate
SPI5.Mode=SPI_MODE_MASTER
SPI5.VirtualType=VM_MASTER
VP_SYS_VS_Systick.Mode=SysTick
VP_SYS_VS_Systick.Signal=SYS_VS_Systick
board=custom
